speakeasyVersion: 1.423.1
sources:
    SWO-OAS:
        sourceNamespace: swo-oas
        sourceRevisionDigest: sha256:303eddfcbaeb5761ced74e2df6119aa50afa30ca27d7ca5b50dbc24b3dcdc81e
        sourceBlobDigest: sha256:1c0d58ec36bc0e2b4b7a720ef9a5aecc5e8d5819853c57359aab3c89dab814c0
        tags:
            - latest
targets:
    swo:
        source: SWO-OAS
        sourceNamespace: swo-oas
        sourceRevisionDigest: sha256:303eddfcbaeb5761ced74e2df6119aa50afa30ca27d7ca5b50dbc24b3dcdc81e
        sourceBlobDigest: sha256:1c0d58ec36bc0e2b4b7a720ef9a5aecc5e8d5819853c57359aab3c89dab814c0
workflow:
    workflowVersion: 1.0.0
    speakeasyVersion: latest
    sources:
        SWO-OAS:
            inputs:
                - location: openapi.1.0.0.json
            registry:
                location: registry.speakeasyapi.dev/swo/swo/swo-oas
    targets:
        swo:
            target: go
            source: SWO-OAS
            output: swo
            codeSamples:
                registry:
                    location: registry.speakeasyapi.dev/swo/swo/swo-oas-code-samples
                blocking: false
