speakeasyVersion: 1.423.1
sources:
    SWO-OAS:
        sourceNamespace: swo-oas
        sourceRevisionDigest: sha256:d759d946f77060fe5192f94f737d5a9bfc1862f0219412b8f0818731c0977ae2
        sourceBlobDigest: sha256:fcd9ce6d3dbc1b537e75d6d1d62a732d9aced698e5557f3a0d0acc36995b8137
        tags:
            - latest
            - main
targets:
    swo:
        source: SWO-OAS
        sourceNamespace: swo-oas
        sourceRevisionDigest: sha256:d759d946f77060fe5192f94f737d5a9bfc1862f0219412b8f0818731c0977ae2
        sourceBlobDigest: sha256:fcd9ce6d3dbc1b537e75d6d1d62a732d9aced698e5557f3a0d0acc36995b8137
workflow:
    workflowVersion: 1.0.0
    speakeasyVersion: latest
    sources:
        SWO-OAS:
            inputs:
                - location: openapi.1.0.0.json
            registry:
                location: registry.speakeasyapi.dev/swo/swo/swo-oas
    targets:
        swo:
            target: go
            source: SWO-OAS
            output: swo
            codeSamples:
                registry:
                    location: registry.speakeasyapi.dev/swo/swo/swo-oas-code-samples
                blocking: false
